
Microsoft Visual Studio Solution File, Format Version 12.00
# Visual Studio Version 16
VisualStudioVersion = 16.0.30114.105
MinimumVisualStudioVersion = 10.0.40219.1
Project("{2150E333-8FDC-42A3-9474-1A3956D46DE8}") = "src", "src", "{EA122B5D-E9F9-4FB6-B6C5-4C495E076198}"
EndProject
Project("{FAE04EC0-301F-11D3-BF4B-00C04F79EFBC}") = "Identity", "src\Identity\Identity.Api\Identity.Api.csproj", "{F46F27EF-2F15-4142-A6EF-D67481B93EC1}"
EndProject
Project("{2150E333-8FDC-42A3-9474-1A3956D46DE8}") = "Examination", "Examination", "{E3D9BE9C-C188-49DE-B9E2-5A6766FB7EAB}"
EndProject
Project("{FAE04EC0-301F-11D3-BF4B-00C04F79EFBC}") = "Examination.Api", "src\Examination\Examination.Api\Examination.Api.csproj", "{24E53772-E39E-4E99-BB98-62AB20ACC598}"
EndProject
Project("{FAE04EC0-301F-11D3-BF4B-00C04F79EFBC}") = "Examination.Application", "src\Examination\Examination.Application\Examination.Application.csproj", "{C9017D9D-FD84-46AD-8258-773FF108C6BC}"
EndProject
Project("{FAE04EC0-301F-11D3-BF4B-00C04F79EFBC}") = "Examination.Domain", "src\Examination\Examination.Domain\Examination.Domain.csproj", "{3481249F-1917-476A-9961-4772DB8DD08B}"
EndProject
Project("{FAE04EC0-301F-11D3-BF4B-00C04F79EFBC}") = "Examination.Infrastructure", "src\Examination\Examination.Infrastructure\Examination.Infrastructure.csproj", "{4A8E907A-2894-4B15-9E3E-07069A83E900}"
EndProject
Project("{2150E333-8FDC-42A3-9474-1A3956D46DE8}") = "tests", "tests", "{5647F8E0-B162-4519-A885-9F6C3C725732}"
EndProject
Project("{2150E333-8FDC-42A3-9474-1A3956D46DE8}") = "Identity.Api", "Identity.Api", "{E9F6E16A-C4E7-4303-BA67-AABC4351EC4D}"
EndProject
Project("{FAE04EC0-301F-11D3-BF4B-00C04F79EFBC}") = "Identity.Api.IntergrationTests", "tests\Identity\Identity.Api.IntergrationTests\Identity.Api.IntergrationTests.csproj", "{6922EE4B-0B64-49F3-9657-CDBA14B0FBC4}"
EndProject
Project("{2150E333-8FDC-42A3-9474-1A3956D46DE8}") = "Examination", "Examination", "{B231DCC6-D647-4D82-856F-52FC99626BF7}"
EndProject
Project("{FAE04EC0-301F-11D3-BF4B-00C04F79EFBC}") = "Examination.Infrastructure.IntergrationTests", "tests\Examination\Examination.Infrastructure.IntergrationTests\Examination.Infrastructure.IntergrationTests.csproj", "{04A210B0-7418-40DE-8368-CEEBBE65B83C}"
EndProject
Project("{FAE04EC0-301F-11D3-BF4B-00C04F79EFBC}") = "Examination.Domain.UnitTests", "tests\Examination\Examination.Domain.UnitTests\Examination.Domain.UnitTests.csproj", "{DDB278F7-568B-4439-8CA4-2E992E764266}"
EndProject
Project("{FAE04EC0-301F-11D3-BF4B-00C04F79EFBC}") = "Examination.Application.UnitTests", "tests\Examination\Examination.Application.UnitTests\Examination.Application.UnitTests.csproj", "{8F5E71D3-8519-4F39-8CCB-C91648C6881F}"
EndProject
Project("{FAE04EC0-301F-11D3-BF4B-00C04F79EFBC}") = "Examination.Api.IntergrationTests", "tests\Examination\Examination.Api.IntergrationTests\Examination.Api.IntergrationTests.csproj", "{CC86147B-1D51-4072-80C3-7FA0413395DF}"
EndProject
Global
	GlobalSection(SolutionConfigurationPlatforms) = preSolution
		Debug|Any CPU = Debug|Any CPU
		Debug|x64 = Debug|x64
		Debug|x86 = Debug|x86
		Release|Any CPU = Release|Any CPU
		Release|x64 = Release|x64
		Release|x86 = Release|x86
	EndGlobalSection
	GlobalSection(SolutionProperties) = preSolution
		HideSolutionNode = FALSE
	EndGlobalSection
	GlobalSection(ProjectConfigurationPlatforms) = postSolution
		{F46F27EF-2F15-4142-A6EF-D67481B93EC1}.Debug|Any CPU.ActiveCfg = Debug|Any CPU
		{F46F27EF-2F15-4142-A6EF-D67481B93EC1}.Debug|Any CPU.Build.0 = Debug|Any CPU
		{F46F27EF-2F15-4142-A6EF-D67481B93EC1}.Debug|x64.ActiveCfg = Debug|Any CPU
		{F46F27EF-2F15-4142-A6EF-D67481B93EC1}.Debug|x64.Build.0 = Debug|Any CPU
		{F46F27EF-2F15-4142-A6EF-D67481B93EC1}.Debug|x86.ActiveCfg = Debug|Any CPU
		{F46F27EF-2F15-4142-A6EF-D67481B93EC1}.Debug|x86.Build.0 = Debug|Any CPU
		{F46F27EF-2F15-4142-A6EF-D67481B93EC1}.Release|Any CPU.ActiveCfg = Release|Any CPU
		{F46F27EF-2F15-4142-A6EF-D67481B93EC1}.Release|Any CPU.Build.0 = Release|Any CPU
		{F46F27EF-2F15-4142-A6EF-D67481B93EC1}.Release|x64.ActiveCfg = Release|Any CPU
		{F46F27EF-2F15-4142-A6EF-D67481B93EC1}.Release|x64.Build.0 = Release|Any CPU
		{F46F27EF-2F15-4142-A6EF-D67481B93EC1}.Release|x86.ActiveCfg = Release|Any CPU
		{F46F27EF-2F15-4142-A6EF-D67481B93EC1}.Release|x86.Build.0 = Release|Any CPU
		{24E53772-E39E-4E99-BB98-62AB20ACC598}.Debug|Any CPU.ActiveCfg = Debug|Any CPU
		{24E53772-E39E-4E99-BB98-62AB20ACC598}.Debug|Any CPU.Build.0 = Debug|Any CPU
		{24E53772-E39E-4E99-BB98-62AB20ACC598}.Debug|x64.ActiveCfg = Debug|Any CPU
		{24E53772-E39E-4E99-BB98-62AB20ACC598}.Debug|x64.Build.0 = Debug|Any CPU
		{24E53772-E39E-4E99-BB98-62AB20ACC598}.Debug|x86.ActiveCfg = Debug|Any CPU
		{24E53772-E39E-4E99-BB98-62AB20ACC598}.Debug|x86.Build.0 = Debug|Any CPU
		{24E53772-E39E-4E99-BB98-62AB20ACC598}.Release|Any CPU.ActiveCfg = Release|Any CPU
		{24E53772-E39E-4E99-BB98-62AB20ACC598}.Release|Any CPU.Build.0 = Release|Any CPU
		{24E53772-E39E-4E99-BB98-62AB20ACC598}.Release|x64.ActiveCfg = Release|Any CPU
		{24E53772-E39E-4E99-BB98-62AB20ACC598}.Release|x64.Build.0 = Release|Any CPU
		{24E53772-E39E-4E99-BB98-62AB20ACC598}.Release|x86.ActiveCfg = Release|Any CPU
		{24E53772-E39E-4E99-BB98-62AB20ACC598}.Release|x86.Build.0 = Release|Any CPU
		{C9017D9D-FD84-46AD-8258-773FF108C6BC}.Debug|Any CPU.ActiveCfg = Debug|Any CPU
		{C9017D9D-FD84-46AD-8258-773FF108C6BC}.Debug|Any CPU.Build.0 = Debug|Any CPU
		{C9017D9D-FD84-46AD-8258-773FF108C6BC}.Debug|x64.ActiveCfg = Debug|Any CPU
		{C9017D9D-FD84-46AD-8258-773FF108C6BC}.Debug|x64.Build.0 = Debug|Any CPU
		{C9017D9D-FD84-46AD-8258-773FF108C6BC}.Debug|x86.ActiveCfg = Debug|Any CPU
		{C9017D9D-FD84-46AD-8258-773FF108C6BC}.Debug|x86.Build.0 = Debug|Any CPU
		{C9017D9D-FD84-46AD-8258-773FF108C6BC}.Release|Any CPU.ActiveCfg = Release|Any CPU
		{C9017D9D-FD84-46AD-8258-773FF108C6BC}.Release|Any CPU.Build.0 = Release|Any CPU
		{C9017D9D-FD84-46AD-8258-773FF108C6BC}.Release|x64.ActiveCfg = Release|Any CPU
		{C9017D9D-FD84-46AD-8258-773FF108C6BC}.Release|x64.Build.0 = Release|Any CPU
		{C9017D9D-FD84-46AD-8258-773FF108C6BC}.Release|x86.ActiveCfg = Release|Any CPU
		{C9017D9D-FD84-46AD-8258-773FF108C6BC}.Release|x86.Build.0 = Release|Any CPU
		{3481249F-1917-476A-9961-4772DB8DD08B}.Debug|Any CPU.ActiveCfg = Debug|Any CPU
		{3481249F-1917-476A-9961-4772DB8DD08B}.Debug|Any CPU.Build.0 = Debug|Any CPU
		{3481249F-1917-476A-9961-4772DB8DD08B}.Debug|x64.ActiveCfg = Debug|Any CPU
		{3481249F-1917-476A-9961-4772DB8DD08B}.Debug|x64.Build.0 = Debug|Any CPU
		{3481249F-1917-476A-9961-4772DB8DD08B}.Debug|x86.ActiveCfg = Debug|Any CPU
		{3481249F-1917-476A-9961-4772DB8DD08B}.Debug|x86.Build.0 = Debug|Any CPU
		{3481249F-1917-476A-9961-4772DB8DD08B}.Release|Any CPU.ActiveCfg = Release|Any CPU
		{3481249F-1917-476A-9961-4772DB8DD08B}.Release|Any CPU.Build.0 = Release|Any CPU
		{3481249F-1917-476A-9961-4772DB8DD08B}.Release|x64.ActiveCfg = Release|Any CPU
		{3481249F-1917-476A-9961-4772DB8DD08B}.Release|x64.Build.0 = Release|Any CPU
		{3481249F-1917-476A-9961-4772DB8DD08B}.Release|x86.ActiveCfg = Release|Any CPU
		{3481249F-1917-476A-9961-4772DB8DD08B}.Release|x86.Build.0 = Release|Any CPU
		{4A8E907A-2894-4B15-9E3E-07069A83E900}.Debug|Any CPU.ActiveCfg = Debug|Any CPU
		{4A8E907A-2894-4B15-9E3E-07069A83E900}.Debug|Any CPU.Build.0 = Debug|Any CPU
		{4A8E907A-2894-4B15-9E3E-07069A83E900}.Debug|x64.ActiveCfg = Debug|Any CPU
		{4A8E907A-2894-4B15-9E3E-07069A83E900}.Debug|x64.Build.0 = Debug|Any CPU
		{4A8E907A-2894-4B15-9E3E-07069A83E900}.Debug|x86.ActiveCfg = Debug|Any CPU
		{4A8E907A-2894-4B15-9E3E-07069A83E900}.Debug|x86.Build.0 = Debug|Any CPU
		{4A8E907A-2894-4B15-9E3E-07069A83E900}.Release|Any CPU.ActiveCfg = Release|Any CPU
		{4A8E907A-2894-4B15-9E3E-07069A83E900}.Release|Any CPU.Build.0 = Release|Any CPU
		{4A8E907A-2894-4B15-9E3E-07069A83E900}.Release|x64.ActiveCfg = Release|Any CPU
		{4A8E907A-2894-4B15-9E3E-07069A83E900}.Release|x64.Build.0 = Release|Any CPU
		{4A8E907A-2894-4B15-9E3E-07069A83E900}.Release|x86.ActiveCfg = Release|Any CPU
		{4A8E907A-2894-4B15-9E3E-07069A83E900}.Release|x86.Build.0 = Release|Any CPU
		{6922EE4B-0B64-49F3-9657-CDBA14B0FBC4}.Debug|Any CPU.ActiveCfg = Debug|Any CPU
		{6922EE4B-0B64-49F3-9657-CDBA14B0FBC4}.Debug|Any CPU.Build.0 = Debug|Any CPU
		{6922EE4B-0B64-49F3-9657-CDBA14B0FBC4}.Debug|x64.ActiveCfg = Debug|Any CPU
		{6922EE4B-0B64-49F3-9657-CDBA14B0FBC4}.Debug|x64.Build.0 = Debug|Any CPU
		{6922EE4B-0B64-49F3-9657-CDBA14B0FBC4}.Debug|x86.ActiveCfg = Debug|Any CPU
		{6922EE4B-0B64-49F3-9657-CDBA14B0FBC4}.Debug|x86.Build.0 = Debug|Any CPU
		{6922EE4B-0B64-49F3-9657-CDBA14B0FBC4}.Release|Any CPU.ActiveCfg = Release|Any CPU
		{6922EE4B-0B64-49F3-9657-CDBA14B0FBC4}.Release|Any CPU.Build.0 = Release|Any CPU
		{6922EE4B-0B64-49F3-9657-CDBA14B0FBC4}.Release|x64.ActiveCfg = Release|Any CPU
		{6922EE4B-0B64-49F3-9657-CDBA14B0FBC4}.Release|x64.Build.0 = Release|Any CPU
		{6922EE4B-0B64-49F3-9657-CDBA14B0FBC4}.Release|x86.ActiveCfg = Release|Any CPU
		{6922EE4B-0B64-49F3-9657-CDBA14B0FBC4}.Release|x86.Build.0 = Release|Any CPU
		{04A210B0-7418-40DE-8368-CEEBBE65B83C}.Debug|Any CPU.ActiveCfg = Debug|Any CPU
		{04A210B0-7418-40DE-8368-CEEBBE65B83C}.Debug|Any CPU.Build.0 = Debug|Any CPU
		{04A210B0-7418-40DE-8368-CEEBBE65B83C}.Debug|x64.ActiveCfg = Debug|Any CPU
		{04A210B0-7418-40DE-8368-CEEBBE65B83C}.Debug|x64.Build.0 = Debug|Any CPU
		{04A210B0-7418-40DE-8368-CEEBBE65B83C}.Debug|x86.ActiveCfg = Debug|Any CPU
		{04A210B0-7418-40DE-8368-CEEBBE65B83C}.Debug|x86.Build.0 = Debug|Any CPU
		{04A210B0-7418-40DE-8368-CEEBBE65B83C}.Release|Any CPU.ActiveCfg = Release|Any CPU
		{04A210B0-7418-40DE-8368-CEEBBE65B83C}.Release|Any CPU.Build.0 = Release|Any CPU
		{04A210B0-7418-40DE-8368-CEEBBE65B83C}.Release|x64.ActiveCfg = Release|Any CPU
		{04A210B0-7418-40DE-8368-CEEBBE65B83C}.Release|x64.Build.0 = Release|Any CPU
		{04A210B0-7418-40DE-8368-CEEBBE65B83C}.Release|x86.ActiveCfg = Release|Any CPU
		{04A210B0-7418-40DE-8368-CEEBBE65B83C}.Release|x86.Build.0 = Release|Any CPU
		{DDB278F7-568B-4439-8CA4-2E992E764266}.Debug|Any CPU.ActiveCfg = Debug|Any CPU
		{DDB278F7-568B-4439-8CA4-2E992E764266}.Debug|Any CPU.Build.0 = Debug|Any CPU
		{DDB278F7-568B-4439-8CA4-2E992E764266}.Debug|x64.ActiveCfg = Debug|Any CPU
		{DDB278F7-568B-4439-8CA4-2E992E764266}.Debug|x64.Build.0 = Debug|Any CPU
		{DDB278F7-568B-4439-8CA4-2E992E764266}.Debug|x86.ActiveCfg = Debug|Any CPU
		{DDB278F7-568B-4439-8CA4-2E992E764266}.Debug|x86.Build.0 = Debug|Any CPU
		{DDB278F7-568B-4439-8CA4-2E992E764266}.Release|Any CPU.ActiveCfg = Release|Any CPU
		{DDB278F7-568B-4439-8CA4-2E992E764266}.Release|Any CPU.Build.0 = Release|Any CPU
		{DDB278F7-568B-4439-8CA4-2E992E764266}.Release|x64.ActiveCfg = Release|Any CPU
		{DDB278F7-568B-4439-8CA4-2E992E764266}.Release|x64.Build.0 = Release|Any CPU
		{DDB278F7-568B-4439-8CA4-2E992E764266}.Release|x86.ActiveCfg = Release|Any CPU
		{DDB278F7-568B-4439-8CA4-2E992E764266}.Release|x86.Build.0 = Release|Any CPU
		{8F5E71D3-8519-4F39-8CCB-C91648C6881F}.Debug|Any CPU.ActiveCfg = Debug|Any CPU
		{8F5E71D3-8519-4F39-8CCB-C91648C6881F}.Debug|Any CPU.Build.0 = Debug|Any CPU
		{8F5E71D3-8519-4F39-8CCB-C91648C6881F}.Debug|x64.ActiveCfg = Debug|Any CPU
		{8F5E71D3-8519-4F39-8CCB-C91648C6881F}.Debug|x64.Build.0 = Debug|Any CPU
		{8F5E71D3-8519-4F39-8CCB-C91648C6881F}.Debug|x86.ActiveCfg = Debug|Any CPU
		{8F5E71D3-8519-4F39-8CCB-C91648C6881F}.Debug|x86.Build.0 = Debug|Any CPU
		{8F5E71D3-8519-4F39-8CCB-C91648C6881F}.Release|Any CPU.ActiveCfg = Release|Any CPU
		{8F5E71D3-8519-4F39-8CCB-C91648C6881F}.Release|Any CPU.Build.0 = Release|Any CPU
		{8F5E71D3-8519-4F39-8CCB-C91648C6881F}.Release|x64.ActiveCfg = Release|Any CPU
		{8F5E71D3-8519-4F39-8CCB-C91648C6881F}.Release|x64.Build.0 = Release|Any CPU
		{8F5E71D3-8519-4F39-8CCB-C91648C6881F}.Release|x86.ActiveCfg = Release|Any CPU
		{8F5E71D3-8519-4F39-8CCB-C91648C6881F}.Release|x86.Build.0 = Release|Any CPU
		{CC86147B-1D51-4072-80C3-7FA0413395DF}.Debug|Any CPU.ActiveCfg = Debug|Any CPU
		{CC86147B-1D51-4072-80C3-7FA0413395DF}.Debug|Any CPU.Build.0 = Debug|Any CPU
		{CC86147B-1D51-4072-80C3-7FA0413395DF}.Debug|x64.ActiveCfg = Debug|Any CPU
		{CC86147B-1D51-4072-80C3-7FA0413395DF}.Debug|x64.Build.0 = Debug|Any CPU
		{CC86147B-1D51-4072-80C3-7FA0413395DF}.Debug|x86.ActiveCfg = Debug|Any CPU
		{CC86147B-1D51-4072-80C3-7FA0413395DF}.Debug|x86.Build.0 = Debug|Any CPU
		{CC86147B-1D51-4072-80C3-7FA0413395DF}.Release|Any CPU.ActiveCfg = Release|Any CPU
		{CC86147B-1D51-4072-80C3-7FA0413395DF}.Release|Any CPU.Build.0 = Release|Any CPU
		{CC86147B-1D51-4072-80C3-7FA0413395DF}.Release|x64.ActiveCfg = Release|Any CPU
		{CC86147B-1D51-4072-80C3-7FA0413395DF}.Release|x64.Build.0 = Release|Any CPU
		{CC86147B-1D51-4072-80C3-7FA0413395DF}.Release|x86.ActiveCfg = Release|Any CPU
		{CC86147B-1D51-4072-80C3-7FA0413395DF}.Release|x86.Build.0 = Release|Any CPU
	EndGlobalSection
	GlobalSection(NestedProjects) = preSolution
		{F46F27EF-2F15-4142-A6EF-D67481B93EC1} = {EA122B5D-E9F9-4FB6-B6C5-4C495E076198}
		{E3D9BE9C-C188-49DE-B9E2-5A6766FB7EAB} = {EA122B5D-E9F9-4FB6-B6C5-4C495E076198}
		{24E53772-E39E-4E99-BB98-62AB20ACC598} = {E3D9BE9C-C188-49DE-B9E2-5A6766FB7EAB}
		{C9017D9D-FD84-46AD-8258-773FF108C6BC} = {E3D9BE9C-C188-49DE-B9E2-5A6766FB7EAB}
		{3481249F-1917-476A-9961-4772DB8DD08B} = {E3D9BE9C-C188-49DE-B9E2-5A6766FB7EAB}
		{4A8E907A-2894-4B15-9E3E-07069A83E900} = {E3D9BE9C-C188-49DE-B9E2-5A6766FB7EAB}
		{E9F6E16A-C4E7-4303-BA67-AABC4351EC4D} = {5647F8E0-B162-4519-A885-9F6C3C725732}
		{6922EE4B-0B64-49F3-9657-CDBA14B0FBC4} = {E9F6E16A-C4E7-4303-BA67-AABC4351EC4D}
		{B231DCC6-D647-4D82-856F-52FC99626BF7} = {5647F8E0-B162-4519-A885-9F6C3C725732}
		{04A210B0-7418-40DE-8368-CEEBBE65B83C} = {B231DCC6-D647-4D82-856F-52FC99626BF7}
		{DDB278F7-568B-4439-8CA4-2E992E764266} = {B231DCC6-D647-4D82-856F-52FC99626BF7}
		{8F5E71D3-8519-4F39-8CCB-C91648C6881F} = {B231DCC6-D647-4D82-856F-52FC99626BF7}
		{CC86147B-1D51-4072-80C3-7FA0413395DF} = {B231DCC6-D647-4D82-856F-52FC99626BF7}
	EndGlobalSection
EndGlobal
